
Microsoft Visual Studio Solution File, Format Version 12.00
# Visual Studio Version 17
VisualStudioVersion = 17.4.32916.344
MinimumVisualStudioVersion = 10.0.40219.1
Project("{9A19103F-16F7-4668-BE54-9A1E7A4F7556}") = "HttpClientService", "HttpClientService\HttpClientService.csproj", "{98690F91-11F8-49B8-8B1D-E620360B5B8B}"
EndProject
Project("{FAE04EC0-301F-11D3-BF4B-00C04F79EFBC}") = "HttpClientConsumerService", "HttpClientConsumerService\HttpClientConsumerService.csproj", "{A6DE5597-B8F6-49CC-A50A-AD14E76274A9}"
EndProject
Global
	GlobalSection(SolutionConfigurationPlatforms) = preSolution
		Debug|Any CPU = Debug|Any CPU
		Release|Any CPU = Release|Any CPU
	EndGlobalSection
	GlobalSection(ProjectConfigurationPlatforms) = postSolution
		{98690F91-11F8-49B8-8B1D-E620360B5B8B}.Debug|Any CPU.ActiveCfg = Debug|Any CPU
		{98690F91-11F8-49B8-8B1D-E620360B5B8B}.Debug|Any CPU.Build.0 = Debug|Any CPU
		{98690F91-11F8-49B8-8B1D-E620360B5B8B}.Release|Any CPU.ActiveCfg = Release|Any CPU
		{98690F91-11F8-49B8-8B1D-E620360B5B8B}.Release|Any CPU.Build.0 = Release|Any CPU
		{A6DE5597-B8F6-49CC-A50A-AD14E76274A9}.Debug|Any CPU.ActiveCfg = Debug|Any CPU
		{A6DE5597-B8F6-49CC-A50A-AD14E76274A9}.Debug|Any CPU.Build.0 = Debug|Any CPU
		{A6DE5597-B8F6-49CC-A50A-AD14E76274A9}.Release|Any CPU.ActiveCfg = Release|Any CPU
		{A6DE5597-B8F6-49CC-A50A-AD14E76274A9}.Release|Any CPU.Build.0 = Release|Any CPU
	EndGlobalSection
	GlobalSection(SolutionProperties) = preSolution
		HideSolutionNode = FALSE
	EndGlobalSection
	GlobalSection(ExtensibilityGlobals) = postSolution
		SolutionGuid = {9CBA4CCE-2105-4B8B-AC83-9B9A511C681C}
	EndGlobalSection
EndGlobal
